
Microsoft Visual Studio Solution File, Format Version 12.00
# Visual Studio Version 17
VisualStudioVersion = 17.8.34408.163
MinimumVisualStudioVersion = 10.0.40219.1
Project("{FAE04EC0-301F-11D3-BF4B-00C04F79EFBC}") = "QuanLiCuaHangThucAnNhanh", "QuanLiCuaHangThucAnNhanh\QuanLiCuaHangThucAnNhanh.csproj", "{4D2903C5-E7B8-4239-8F99-F6600255A3F9}"
EndProject
Global
	GlobalSection(SolutionConfigurationPlatforms) = preSolution
		Debug|Any CPU = Debug|Any CPU
		Release|Any CPU = Release|Any CPU
	EndGlobalSection
	GlobalSection(ProjectConfigurationPlatforms) = postSolution
		{4D2903C5-E7B8-4239-8F99-F6600255A3F9}.Debug|Any CPU.ActiveCfg = Debug|Any CPU
		{4D2903C5-E7B8-4239-8F99-F6600255A3F9}.Debug|Any CPU.Build.0 = Debug|Any CPU
		{4D2903C5-E7B8-4239-8F99-F6600255A3F9}.Release|Any CPU.ActiveCfg = Release|Any CPU
		{4D2903C5-E7B8-4239-8F99-F6600255A3F9}.Release|Any CPU.Build.0 = Release|Any CPU
	EndGlobalSection
	GlobalSection(SolutionProperties) = preSolution
		HideSolutionNode = FALSE
	EndGlobalSection
	GlobalSection(ExtensibilityGlobals) = postSolution
		SolutionGuid = {BF30B37E-2364-48E6-9007-B7F2C60FC103}
	EndGlobalSection
EndGlobal
